
Microsoft Visual Studio Solution File, Format Version 12.00
Project("{FAE04EC0-301F-11D3-BF4B-00C04F79EFBC}") = "Monads", "Monads\Monads.csproj", "{44C741DE-18C4-4B89-9958-57121C233439}"
EndProject
Project("{FAE04EC0-301F-11D3-BF4B-00C04F79EFBC}") = "Monads.Examples", "Monads.Examples\Monads.Examples.csproj", "{B2D3D469-54DD-49E5-AADD-8F888E1A65CB}"
EndProject
Project("{FAE04EC0-301F-11D3-BF4B-00C04F79EFBC}") = "Monads.Generators", "Monads.Generators\Monads.Generators.csproj", "{7AA428F4-4A72-4230-9811-CAF8ADCC5CE9}"
EndProject
Project("{FAE04EC0-301F-11D3-BF4B-00C04F79EFBC}") = "Monads.Tests", "Monads.Tests\Monads.Tests.csproj", "{04F4B3AE-5A55-4E95-889B-519EA2E6EFEF}"
EndProject
Global
	GlobalSection(SolutionConfigurationPlatforms) = preSolution
		Debug|Any CPU = Debug|Any CPU
		Release|Any CPU = Release|Any CPU
	EndGlobalSection
	GlobalSection(ProjectConfigurationPlatforms) = postSolution
		{44C741DE-18C4-4B89-9958-57121C233439}.Debug|Any CPU.ActiveCfg = Debug|Any CPU
		{44C741DE-18C4-4B89-9958-57121C233439}.Debug|Any CPU.Build.0 = Debug|Any CPU
		{44C741DE-18C4-4B89-9958-57121C233439}.Release|Any CPU.ActiveCfg = Release|Any CPU
		{44C741DE-18C4-4B89-9958-57121C233439}.Release|Any CPU.Build.0 = Release|Any CPU
		{B2D3D469-54DD-49E5-AADD-8F888E1A65CB}.Debug|Any CPU.ActiveCfg = Debug|Any CPU
		{B2D3D469-54DD-49E5-AADD-8F888E1A65CB}.Debug|Any CPU.Build.0 = Debug|Any CPU
		{B2D3D469-54DD-49E5-AADD-8F888E1A65CB}.Release|Any CPU.ActiveCfg = Release|Any CPU
		{B2D3D469-54DD-49E5-AADD-8F888E1A65CB}.Release|Any CPU.Build.0 = Release|Any CPU
		{7AA428F4-4A72-4230-9811-CAF8ADCC5CE9}.Debug|Any CPU.ActiveCfg = Debug|Any CPU
		{7AA428F4-4A72-4230-9811-CAF8ADCC5CE9}.Debug|Any CPU.Build.0 = Debug|Any CPU
		{7AA428F4-4A72-4230-9811-CAF8ADCC5CE9}.Release|Any CPU.ActiveCfg = Release|Any CPU
		{7AA428F4-4A72-4230-9811-CAF8ADCC5CE9}.Release|Any CPU.Build.0 = Release|Any CPU
		{04F4B3AE-5A55-4E95-889B-519EA2E6EFEF}.Debug|Any CPU.ActiveCfg = Debug|Any CPU
		{04F4B3AE-5A55-4E95-889B-519EA2E6EFEF}.Debug|Any CPU.Build.0 = Debug|Any CPU
		{04F4B3AE-5A55-4E95-889B-519EA2E6EFEF}.Release|Any CPU.ActiveCfg = Release|Any CPU
		{04F4B3AE-5A55-4E95-889B-519EA2E6EFEF}.Release|Any CPU.Build.0 = Release|Any CPU
	EndGlobalSection
EndGlobal
